// !$*UTF8*$!
{
	archiveVersion = 1;
	classes = {
	};
	objectVersion = 46;
	objects = {

/* Begin PBXBuildFile section */
		4753C3DB1CF69C8D009E511B /* main.m in Sources */ = {isa = PBXBuildFile; fileRef = 4753C3DA1CF69C8D009E511B /* main.m */; };
/* End PBXBuildFile section */

/* Begin PBXCopyFilesBuildPhase section */
		4753C3D51CF69C8D009E511B /* CopyFiles */ = {
			isa = PBXCopyFilesBuildPhase;
			buildActionMask = 2147483647;
			dstPath = /usr/share/man/man1/;
			dstSubfolderSpec = 0;
			files = (
			);
			runOnlyForDeploymentPostprocessing = 1;
		};
/* End PBXCopyFilesBuildPhase section */

/* Begin PBXFileReference section */
		4753C3D71CF69C8D009E511B /* Runtime_Day3苍老师问好篇 */ = {isa = PBXFileReference; explicitFileType = "compiled.mach-o.executable"; includeInIndex = 0; path = "Runtime_Day3苍老师问好篇"; sourceTree = BUILT_PRODUCTS_DIR; };
		4753C3DA1CF69C8D009E511B /* main.m */ = {isa = PBXFileReference; lastKnownFileType = sourcecode.c.objc; path = main.m; sourceTree = "<group>"; };
/* End PBXFileReference section */

/* Begin PBXFrameworksBuildPhase section */
		4753C3D41CF69C8D009E511B /* Frameworks */ = {
			isa = PBXFrameworksBuildPhase;
			buildActionMask = 2147483647;
			files = (
			);
			runOnlyForDeploymentPostprocessing = 0;
		};
/* End PBXFrameworksBuildPhase section */

/* Begin PBXGroup section */
		4753C3CE1CF69C8D009E511B = {
			isa = PBXGroup;
			children = (
				4753C3D91CF69C8D009E511B /* Runtime_Day3苍老师问好篇 */,
				4753C3D81CF69C8D009E511B /* Products */,
			);
			sourceTree = "<group>";
		};
		4753C3D81CF69C8D009E511B /* Products */ = {
			isa = PBXGroup;
			children = (
				4753C3D71CF69C8D009E511B /* Runtime_Day3苍老师问好篇 */,
			);
			name = Products;
			sourceTree = "<group>";
		};
		4753C3D91CF69C8D009E511B /* Runtime_Day3苍老师问好篇 */ = {
			isa = PBXGroup;
			children = (
				4753C3DA1CF69C8D009E511B /* main.m */,
			);
			path = "Runtime_Day3苍老师问好篇";
			sourceTree = "<group>";
		};
/* End PBXGroup section */

/* Begin PBXNativeTarget section */
		4753C3D61CF69C8D009E511B /* Runtime_Day3苍老师问好篇 */ = {
			isa = PBXNativeTarget;
			buildConfigurationList = 4753C3DE1CF69C8D009E511B /* Build configuration list for PBXNativeTarget "Runtime_Day3苍老师问好篇" */;
			buildPhases = (
				4753C3D31CF69C8D009E511B /* Sources */,
				4753C3D41CF69C8D009E511B /* Frameworks */,
				4753C3D51CF69C8D009E511B /* CopyFiles */,
			);
			buildRules = (
			);
			dependencies = (
			);
			name = "Runtime_Day3苍老师问好篇";
			productName = "Runtime_Day3苍老师问好篇";
			productReference = 4753C3D71CF69C8D009E511B /* Runtime_Day3苍老师问好篇 */;
			productType = "com.apple.product-type.tool";
		};
/* End PBXNativeTarget section */

/* Begin PBXProject section */
		4753C3CF1CF69C8D009E511B /* Project object */ = {
			isa = PBXProject;
			attributes = {
				LastUpgradeCheck = 0730;
				ORGANIZATIONNAME = "Mainbo Education Technology Co., Ltd";
				TargetAttributes = {
					4753C3D61CF69C8D009E511B = {
						CreatedOnToolsVersion = 7.3.1;
					};
				};
			};
			buildConfigurationList = 4753C3D21CF69C8D009E511B /* Build configuration list for PBXProject "Runtime_Day3苍老师问好篇" */;
			compatibilityVersion = "Xcode 3.2";
			developmentRegion = English;
			hasScannedForEncodings = 0;
			knownRegions = (
				en,
			);
			mainGroup = 4753C3CE1CF69C8D009E511B;
			productRefGroup = 4753C3D81CF69C8D009E511B /* Products */;
			projectDirPath = "";
			projectRoot = "";
			targets = (
				4753C3D61CF69C8D009E511B /* Runtime_Day3苍老师问好篇 */,
			);
		};
/* End PBXProject section */

/* Begin PBXSourcesBuildPhase section */
		4753C3D31CF69C8D009E511B /* Sources */ = {
			isa = PBXSourcesBuildPhase;
			buildActionMask = 2147483647;
			files = (
				4753C3DB1CF69C8D009E511B /* main.m in Sources */,
			);
			runOnlyForDeploymentPostprocessing = 0;
		};
/* End PBXSourcesBuildPhase section */

/* Begin XCBuildConfiguration section */
		4753C3DC1CF69C8D009E511B /* Debug */ = {
			isa = XCBuildConfiguration;
			buildSettings = {
				ALWAYS_SEARCH_USER_PATHS = NO;
				CLANG_ANALYZER_NONNULL = YES;
				CLANG_CXX_LANGUAGE_STANDARD = "gnu++0x";
				CLANG_CXX_LIBRARY = "libc++";
				CLANG_ENABLE_MODULES = YES;
				CLANG_ENABLE_OBJC_ARC = YES;
				CLANG_WARN_BOOL_CONVERSION = YES;
				CLANG_WARN_CONSTANT_CONVERSION = YES;
				CLANG_WARN_DIRECT_OBJC_ISA_USAGE = YES_ERROR;
				CLANG_WARN_EMPTY_BODY = YES;
				CLANG_WARN_ENUM_CONVERSION = YES;
				CLANG_WARN_INT_CONVERSION = YES;
				CLANG_WARN_OBJC_ROOT_CLASS = YES_ERROR;
				CLANG_WARN_UNREACHABLE_CODE = YES;
				CLANG_WARN__DUPLICATE_METHOD_MATCH = YES;
				CODE_SIGN_IDENTITY = "-";
				COPY_PHASE_STRIP = NO;
				DEBUG_INFORMATION_FORMAT = dwarf;
				ENABLE_STRICT_OBJC_MSGSEND = YES;
				ENABLE_TESTABILITY = YES;
				GCC_C_LANGUAGE_STANDARD = gnu99;
				GCC_DYNAMIC_NO_PIC = NO;
				GCC_NO_COMMON_BLOCKS = YES;
				GCC_OPTIMIZATION_LEVEL = 0;
				GCC_PREPROCESSOR_DEFINITIONS = (
					"DEBUG=1",
					"$(inherited)",
				);
				GCC_WARN_64_TO_32_BIT_CONVERSION = YES;
				GCC_WARN_ABOUT_RETURN_TYPE = YES_ERROR;
				GCC_WARN_UNDECLARED_SELECTOR = YES;
				GCC_WARN_UNINITIALIZED_AUTOS = YES_AGGRESSIVE;
				GCC_WARN_UNUSED_FUNCTION = YES;
				GCC_WARN_UNUSED_VARIABLE = YES;
				MACOSX_DEPLOYMENT_TARGET = 10.11;
				MTL_ENABLE_DEBUG_INFO = YES;
				ONLY_ACTIVE_ARCH = YES;
				SDKROOT = macosx;
			};
			name = Debug;
		};
		4753C3DD1CF69C8D009E511B /* Release */ = {
			isa = XCBuildConfiguration;
			buildSettings = {
				ALWAYS_SEARCH_USER_PATHS = NO;
				CLANG_ANALYZER_NONNULL = YES;
				CLANG_CXX_LANGUAGE_STANDARD = "gnu++0x";
				CLANG_CXX_LIBRARY = "libc++";
				CLANG_ENABLE_MODULES = YES;
				CLANG_ENABLE_OBJC_ARC = YES;
				CLANG_WARN_BOOL_CONVERSION = YES;
				CLANG_WARN_CONSTANT_CONVERSION = YES;
				CLANG_WARN_DIRECT_OBJC_ISA_USAGE = YES_ERROR;
				CLANG_WARN_EMPTY_BODY = YES;
				CLANG_WARN_ENUM_CONVERSION = YES;
				CLANG_WARN_INT_CONVERSION = YES;
				CLANG_WARN_OBJC_ROOT_CLASS = YES_ERROR;
				CLANG_WARN_UNREACHABLE_CODE = YES;
				CLANG_WARN__DUPLICATE_METHOD_MATCH = YES;
				CODE_SIGN_IDENTITY = "-";
				COPY_PHASE_STRIP = NO;
				DEBUG_INFORMATION_FORMAT = "dwarf-with-dsym";
				ENABLE_NS_ASSERTIONS = NO;
				ENABLE_STRICT_OBJC_MSGSEND = YES;
				GCC_C_LANGUAGE_STANDARD = gnu99;
				GCC_NO_COMMON_BLOCKS = YES;
				GCC_WARN_64_TO_32_BIT_CONVERSION = YES;
				GCC_WARN_ABOUT_RETURN_TYPE = YES_ERROR;
				GCC_WARN_UNDECLARED_SELECTOR = YES;
				GCC_WARN_UNINITIALIZED_AUTOS = YES_AGGRESSIVE;
				GCC_WARN_UNUSED_FUNCTION = YES;
				GCC_WARN_UNUSED_VARIABLE = YES;
				MACOSX_DEPLOYMENT_TARGET = 10.11;
				MTL_ENABLE_DEBUG_INFO = NO;
				SDKROOT = macosx;
			};
			name = Release;
		};
		4753C3DF1CF69C8D009E511B /* Debug */ = {
			isa = XCBuildConfiguration;
			buildSettings = {
				PRODUCT_NAME = "$(TARGET_NAME)";
			};
			name = Debug;
		};
		4753C3E01CF69C8D009E511B /* Release */ = {
			isa = XCBuildConfiguration;
			buildSettings = {
				PRODUCT_NAME = "$(TARGET_NAME)";
			};
			name = Release;
		};
/* End XCBuildConfiguration section */

/* Begin XCConfigurationList section */
		4753C3D21CF69C8D009E511B /* Build configuration list for PBXProject "Runtime_Day3苍老师问好篇" */ = {
			isa = XCConfigurationList;
			buildConfigurations = (
				4753C3DC1CF69C8D009E511B /* Debug */,
				4753C3DD1CF69C8D009E511B /* Release */,
			);
			defaultConfigurationIsVisible = 0;
			defaultConfigurationName = Release;
		};
		4753C3DE1CF69C8D009E511B /* Build configuration list for PBXNativeTarget "Runtime_Day3苍老师问好篇" */ = {
			isa = XCConfigurationList;
			buildConfigurations = (
				4753C3DF1CF69C8D009E511B /* Debug */,
				4753C3E01CF69C8D009E511B /* Release */,
			);
			defaultConfigurationIsVisible = 0;
		};
/* End XCConfigurationList section */
	};
	rootObject = 4753C3CF1CF69C8D009E511B /* Project object */;
}
