// !$*UTF8*$!
{
	archiveVersion = 1;
	classes = {
	};
	objectVersion = 46;
	objects = {

/* Begin PBXBuildFile section */
		4712CE6B1CFD70690086F3B6 /* main.m in Sources */ = {isa = PBXBuildFile; fileRef = 4712CE6A1CFD70690086F3B6 /* main.m */; };
		4712CE731CFD77BA0086F3B6 /* People.m in Sources */ = {isa = PBXBuildFile; fileRef = 4712CE721CFD77BA0086F3B6 /* People.m */; };
/* End PBXBuildFile section */

/* Begin PBXCopyFilesBuildPhase section */
		4712CE651CFD70690086F3B6 /* CopyFiles */ = {
			isa = PBXCopyFilesBuildPhase;
			buildActionMask = 2147483647;
			dstPath = /usr/share/man/man1/;
			dstSubfolderSpec = 0;
			files = (
			);
			runOnlyForDeploymentPostprocessing = 1;
		};
/* End PBXCopyFilesBuildPhase section */

/* Begin PBXFileReference section */
		4712CE671CFD70690086F3B6 /* Runtime_Day7 消息动态解析 */ = {isa = PBXFileReference; explicitFileType = "compiled.mach-o.executable"; includeInIndex = 0; path = "Runtime_Day7 消息动态解析"; sourceTree = BUILT_PRODUCTS_DIR; };
		4712CE6A1CFD70690086F3B6 /* main.m */ = {isa = PBXFileReference; lastKnownFileType = sourcecode.c.objc; path = main.m; sourceTree = "<group>"; };
		4712CE711CFD77BA0086F3B6 /* People.h */ = {isa = PBXFileReference; fileEncoding = 4; lastKnownFileType = sourcecode.c.h; path = People.h; sourceTree = "<group>"; };
		4712CE721CFD77BA0086F3B6 /* People.m */ = {isa = PBXFileReference; fileEncoding = 4; lastKnownFileType = sourcecode.c.objc; path = People.m; sourceTree = "<group>"; };
/* End PBXFileReference section */

/* Begin PBXFrameworksBuildPhase section */
		4712CE641CFD70690086F3B6 /* Frameworks */ = {
			isa = PBXFrameworksBuildPhase;
			buildActionMask = 2147483647;
			files = (
			);
			runOnlyForDeploymentPostprocessing = 0;
		};
/* End PBXFrameworksBuildPhase section */

/* Begin PBXGroup section */
		4712CE5E1CFD70690086F3B6 = {
			isa = PBXGroup;
			children = (
				4712CE691CFD70690086F3B6 /* Runtime_Day7 消息动态解析 */,
				4712CE681CFD70690086F3B6 /* Products */,
			);
			sourceTree = "<group>";
		};
		4712CE681CFD70690086F3B6 /* Products */ = {
			isa = PBXGroup;
			children = (
				4712CE671CFD70690086F3B6 /* Runtime_Day7 消息动态解析 */,
			);
			name = Products;
			sourceTree = "<group>";
		};
		4712CE691CFD70690086F3B6 /* Runtime_Day7 消息动态解析 */ = {
			isa = PBXGroup;
			children = (
				4712CE6A1CFD70690086F3B6 /* main.m */,
				4712CE711CFD77BA0086F3B6 /* People.h */,
				4712CE721CFD77BA0086F3B6 /* People.m */,
			);
			path = "Runtime_Day7 消息动态解析";
			sourceTree = "<group>";
		};
/* End PBXGroup section */

/* Begin PBXNativeTarget section */
		4712CE661CFD70690086F3B6 /* Runtime_Day7 消息动态解析 */ = {
			isa = PBXNativeTarget;
			buildConfigurationList = 4712CE6E1CFD70690086F3B6 /* Build configuration list for PBXNativeTarget "Runtime_Day7 消息动态解析" */;
			buildPhases = (
				4712CE631CFD70690086F3B6 /* Sources */,
				4712CE641CFD70690086F3B6 /* Frameworks */,
				4712CE651CFD70690086F3B6 /* CopyFiles */,
			);
			buildRules = (
			);
			dependencies = (
			);
			name = "Runtime_Day7 消息动态解析";
			productName = "Runtime_Day7 消息动态解析";
			productReference = 4712CE671CFD70690086F3B6 /* Runtime_Day7 消息动态解析 */;
			productType = "com.apple.product-type.tool";
		};
/* End PBXNativeTarget section */

/* Begin PBXProject section */
		4712CE5F1CFD70690086F3B6 /* Project object */ = {
			isa = PBXProject;
			attributes = {
				LastUpgradeCheck = 0730;
				ORGANIZATIONNAME = "Mainbo Education Technology Co., Ltd";
				TargetAttributes = {
					4712CE661CFD70690086F3B6 = {
						CreatedOnToolsVersion = 7.3.1;
					};
				};
			};
			buildConfigurationList = 4712CE621CFD70690086F3B6 /* Build configuration list for PBXProject "Runtime_Day7 消息动态解析" */;
			compatibilityVersion = "Xcode 3.2";
			developmentRegion = English;
			hasScannedForEncodings = 0;
			knownRegions = (
				en,
			);
			mainGroup = 4712CE5E1CFD70690086F3B6;
			productRefGroup = 4712CE681CFD70690086F3B6 /* Products */;
			projectDirPath = "";
			projectRoot = "";
			targets = (
				4712CE661CFD70690086F3B6 /* Runtime_Day7 消息动态解析 */,
			);
		};
/* End PBXProject section */

/* Begin PBXSourcesBuildPhase section */
		4712CE631CFD70690086F3B6 /* Sources */ = {
			isa = PBXSourcesBuildPhase;
			buildActionMask = 2147483647;
			files = (
				4712CE731CFD77BA0086F3B6 /* People.m in Sources */,
				4712CE6B1CFD70690086F3B6 /* main.m in Sources */,
			);
			runOnlyForDeploymentPostprocessing = 0;
		};
/* End PBXSourcesBuildPhase section */

/* Begin XCBuildConfiguration section */
		4712CE6C1CFD70690086F3B6 /* Debug */ = {
			isa = XCBuildConfiguration;
			buildSettings = {
				ALWAYS_SEARCH_USER_PATHS = NO;
				CLANG_ANALYZER_NONNULL = YES;
				CLANG_CXX_LANGUAGE_STANDARD = "gnu++0x";
				CLANG_CXX_LIBRARY = "libc++";
				CLANG_ENABLE_MODULES = YES;
				CLANG_ENABLE_OBJC_ARC = YES;
				CLANG_WARN_BOOL_CONVERSION = YES;
				CLANG_WARN_CONSTANT_CONVERSION = YES;
				CLANG_WARN_DIRECT_OBJC_ISA_USAGE = YES_ERROR;
				CLANG_WARN_EMPTY_BODY = YES;
				CLANG_WARN_ENUM_CONVERSION = YES;
				CLANG_WARN_INT_CONVERSION = YES;
				CLANG_WARN_OBJC_ROOT_CLASS = YES_ERROR;
				CLANG_WARN_UNREACHABLE_CODE = YES;
				CLANG_WARN__DUPLICATE_METHOD_MATCH = YES;
				CODE_SIGN_IDENTITY = "-";
				COPY_PHASE_STRIP = NO;
				DEBUG_INFORMATION_FORMAT = dwarf;
				ENABLE_STRICT_OBJC_MSGSEND = YES;
				ENABLE_TESTABILITY = YES;
				GCC_C_LANGUAGE_STANDARD = gnu99;
				GCC_DYNAMIC_NO_PIC = NO;
				GCC_NO_COMMON_BLOCKS = YES;
				GCC_OPTIMIZATION_LEVEL = 0;
				GCC_PREPROCESSOR_DEFINITIONS = (
					"DEBUG=1",
					"$(inherited)",
				);
				GCC_WARN_64_TO_32_BIT_CONVERSION = YES;
				GCC_WARN_ABOUT_RETURN_TYPE = YES_ERROR;
				GCC_WARN_UNDECLARED_SELECTOR = YES;
				GCC_WARN_UNINITIALIZED_AUTOS = YES_AGGRESSIVE;
				GCC_WARN_UNUSED_FUNCTION = YES;
				GCC_WARN_UNUSED_VARIABLE = YES;
				MACOSX_DEPLOYMENT_TARGET = 10.11;
				MTL_ENABLE_DEBUG_INFO = YES;
				ONLY_ACTIVE_ARCH = YES;
				SDKROOT = macosx;
			};
			name = Debug;
		};
		4712CE6D1CFD70690086F3B6 /* Release */ = {
			isa = XCBuildConfiguration;
			buildSettings = {
				ALWAYS_SEARCH_USER_PATHS = NO;
				CLANG_ANALYZER_NONNULL = YES;
				CLANG_CXX_LANGUAGE_STANDARD = "gnu++0x";
				CLANG_CXX_LIBRARY = "libc++";
				CLANG_ENABLE_MODULES = YES;
				CLANG_ENABLE_OBJC_ARC = YES;
				CLANG_WARN_BOOL_CONVERSION = YES;
				CLANG_WARN_CONSTANT_CONVERSION = YES;
				CLANG_WARN_DIRECT_OBJC_ISA_USAGE = YES_ERROR;
				CLANG_WARN_EMPTY_BODY = YES;
				CLANG_WARN_ENUM_CONVERSION = YES;
				CLANG_WARN_INT_CONVERSION = YES;
				CLANG_WARN_OBJC_ROOT_CLASS = YES_ERROR;
				CLANG_WARN_UNREACHABLE_CODE = YES;
				CLANG_WARN__DUPLICATE_METHOD_MATCH = YES;
				CODE_SIGN_IDENTITY = "-";
				COPY_PHASE_STRIP = NO;
				DEBUG_INFORMATION_FORMAT = "dwarf-with-dsym";
				ENABLE_NS_ASSERTIONS = NO;
				ENABLE_STRICT_OBJC_MSGSEND = YES;
				GCC_C_LANGUAGE_STANDARD = gnu99;
				GCC_NO_COMMON_BLOCKS = YES;
				GCC_WARN_64_TO_32_BIT_CONVERSION = YES;
				GCC_WARN_ABOUT_RETURN_TYPE = YES_ERROR;
				GCC_WARN_UNDECLARED_SELECTOR = YES;
				GCC_WARN_UNINITIALIZED_AUTOS = YES_AGGRESSIVE;
				GCC_WARN_UNUSED_FUNCTION = YES;
				GCC_WARN_UNUSED_VARIABLE = YES;
				MACOSX_DEPLOYMENT_TARGET = 10.11;
				MTL_ENABLE_DEBUG_INFO = NO;
				SDKROOT = macosx;
			};
			name = Release;
		};
		4712CE6F1CFD70690086F3B6 /* Debug */ = {
			isa = XCBuildConfiguration;
			buildSettings = {
				PRODUCT_NAME = "$(TARGET_NAME)";
			};
			name = Debug;
		};
		4712CE701CFD70690086F3B6 /* Release */ = {
			isa = XCBuildConfiguration;
			buildSettings = {
				PRODUCT_NAME = "$(TARGET_NAME)";
			};
			name = Release;
		};
/* End XCBuildConfiguration section */

/* Begin XCConfigurationList section */
		4712CE621CFD70690086F3B6 /* Build configuration list for PBXProject "Runtime_Day7 消息动态解析" */ = {
			isa = XCConfigurationList;
			buildConfigurations = (
				4712CE6C1CFD70690086F3B6 /* Debug */,
				4712CE6D1CFD70690086F3B6 /* Release */,
			);
			defaultConfigurationIsVisible = 0;
			defaultConfigurationName = Release;
		};
		4712CE6E1CFD70690086F3B6 /* Build configuration list for PBXNativeTarget "Runtime_Day7 消息动态解析" */ = {
			isa = XCConfigurationList;
			buildConfigurations = (
				4712CE6F1CFD70690086F3B6 /* Debug */,
				4712CE701CFD70690086F3B6 /* Release */,
			);
			defaultConfigurationIsVisible = 0;
		};
/* End XCConfigurationList section */
	};
	rootObject = 4712CE5F1CFD70690086F3B6 /* Project object */;
}
