// !$*UTF8*$!
{
	archiveVersion = 1;
	classes = {
	};
	objectVersion = 46;
	objects = {

/* Begin PBXBuildFile section */
		47008B621CE1AB8000BD8F87 /* main.m in Sources */ = {isa = PBXBuildFile; fileRef = 47008B611CE1AB8000BD8F87 /* main.m */; };
		47008B651CE1AB8000BD8F87 /* AppDelegate.m in Sources */ = {isa = PBXBuildFile; fileRef = 47008B641CE1AB8000BD8F87 /* AppDelegate.m */; };
		47008B681CE1AB8000BD8F87 /* ViewController.m in Sources */ = {isa = PBXBuildFile; fileRef = 47008B671CE1AB8000BD8F87 /* ViewController.m */; };
		47008B6B1CE1AB8000BD8F87 /* Main.storyboard in Resources */ = {isa = PBXBuildFile; fileRef = 47008B691CE1AB8000BD8F87 /* Main.storyboard */; };
		47008B6D1CE1AB8000BD8F87 /* Assets.xcassets in Resources */ = {isa = PBXBuildFile; fileRef = 47008B6C1CE1AB8000BD8F87 /* Assets.xcassets */; };
		47008B701CE1AB8000BD8F87 /* LaunchScreen.storyboard in Resources */ = {isa = PBXBuildFile; fileRef = 47008B6E1CE1AB8000BD8F87 /* LaunchScreen.storyboard */; };
		47008B7B1CE1AB8000BD8F87 /* Runtime_Day1Tests.m in Sources */ = {isa = PBXBuildFile; fileRef = 47008B7A1CE1AB8000BD8F87 /* Runtime_Day1Tests.m */; };
		47008B861CE1AB8000BD8F87 /* Runtime_Day1UITests.m in Sources */ = {isa = PBXBuildFile; fileRef = 47008B851CE1AB8000BD8F87 /* Runtime_Day1UITests.m */; };
		47008B951CE1ABE700BD8F87 /* Person.m in Sources */ = {isa = PBXBuildFile; fileRef = 47008B941CE1ABE700BD8F87 /* Person.m */; };
		47008B981CE1B18A00BD8F87 /* UIImage+Category.m in Sources */ = {isa = PBXBuildFile; fileRef = 47008B971CE1B18A00BD8F87 /* UIImage+Category.m */; };
		47008B9B1CE1B78D00BD8F87 /* NSObject+Category.m in Sources */ = {isa = PBXBuildFile; fileRef = 47008B9A1CE1B78D00BD8F87 /* NSObject+Category.m */; };
		47008B9E1CE1C16000BD8F87 /* NSObject+Extension.m in Sources */ = {isa = PBXBuildFile; fileRef = 47008B9D1CE1C16000BD8F87 /* NSObject+Extension.m */; };
		471E71EF1CE3040A008C4C1E /* NSObject+JSONExtension.m in Sources */ = {isa = PBXBuildFile; fileRef = 471E71EE1CE3040A008C4C1E /* NSObject+JSONExtension.m */; };
/* End PBXBuildFile section */

/* Begin PBXContainerItemProxy section */
		47008B771CE1AB8000BD8F87 /* PBXContainerItemProxy */ = {
			isa = PBXContainerItemProxy;
			containerPortal = 47008B551CE1AB8000BD8F87 /* Project object */;
			proxyType = 1;
			remoteGlobalIDString = 47008B5C1CE1AB8000BD8F87;
			remoteInfo = Runtime_Day1;
		};
		47008B821CE1AB8000BD8F87 /* PBXContainerItemProxy */ = {
			isa = PBXContainerItemProxy;
			containerPortal = 47008B551CE1AB8000BD8F87 /* Project object */;
			proxyType = 1;
			remoteGlobalIDString = 47008B5C1CE1AB8000BD8F87;
			remoteInfo = Runtime_Day1;
		};
/* End PBXContainerItemProxy section */

/* Begin PBXFileReference section */
		47008B5D1CE1AB8000BD8F87 /* Runtime_Day1.app */ = {isa = PBXFileReference; explicitFileType = wrapper.application; includeInIndex = 0; path = Runtime_Day1.app; sourceTree = BUILT_PRODUCTS_DIR; };
		47008B611CE1AB8000BD8F87 /* main.m */ = {isa = PBXFileReference; lastKnownFileType = sourcecode.c.objc; path = main.m; sourceTree = "<group>"; };
		47008B631CE1AB8000BD8F87 /* AppDelegate.h */ = {isa = PBXFileReference; lastKnownFileType = sourcecode.c.h; path = AppDelegate.h; sourceTree = "<group>"; };
		47008B641CE1AB8000BD8F87 /* AppDelegate.m */ = {isa = PBXFileReference; lastKnownFileType = sourcecode.c.objc; path = AppDelegate.m; sourceTree = "<group>"; };
		47008B661CE1AB8000BD8F87 /* ViewController.h */ = {isa = PBXFileReference; lastKnownFileType = sourcecode.c.h; path = ViewController.h; sourceTree = "<group>"; };
		47008B671CE1AB8000BD8F87 /* ViewController.m */ = {isa = PBXFileReference; lastKnownFileType = sourcecode.c.objc; path = ViewController.m; sourceTree = "<group>"; };
		47008B6A1CE1AB8000BD8F87 /* Base */ = {isa = PBXFileReference; lastKnownFileType = file.storyboard; name = Base; path = Base.lproj/Main.storyboard; sourceTree = "<group>"; };
		47008B6C1CE1AB8000BD8F87 /* Assets.xcassets */ = {isa = PBXFileReference; lastKnownFileType = folder.assetcatalog; path = Assets.xcassets; sourceTree = "<group>"; };
		47008B6F1CE1AB8000BD8F87 /* Base */ = {isa = PBXFileReference; lastKnownFileType = file.storyboard; name = Base; path = Base.lproj/LaunchScreen.storyboard; sourceTree = "<group>"; };
		47008B711CE1AB8000BD8F87 /* Info.plist */ = {isa = PBXFileReference; lastKnownFileType = text.plist.xml; path = Info.plist; sourceTree = "<group>"; };
		47008B761CE1AB8000BD8F87 /* Runtime_Day1Tests.xctest */ = {isa = PBXFileReference; explicitFileType = wrapper.cfbundle; includeInIndex = 0; path = Runtime_Day1Tests.xctest; sourceTree = BUILT_PRODUCTS_DIR; };
		47008B7A1CE1AB8000BD8F87 /* Runtime_Day1Tests.m */ = {isa = PBXFileReference; lastKnownFileType = sourcecode.c.objc; path = Runtime_Day1Tests.m; sourceTree = "<group>"; };
		47008B7C1CE1AB8000BD8F87 /* Info.plist */ = {isa = PBXFileReference; lastKnownFileType = text.plist.xml; path = Info.plist; sourceTree = "<group>"; };
		47008B811CE1AB8000BD8F87 /* Runtime_Day1UITests.xctest */ = {isa = PBXFileReference; explicitFileType = wrapper.cfbundle; includeInIndex = 0; path = Runtime_Day1UITests.xctest; sourceTree = BUILT_PRODUCTS_DIR; };
		47008B851CE1AB8000BD8F87 /* Runtime_Day1UITests.m */ = {isa = PBXFileReference; lastKnownFileType = sourcecode.c.objc; path = Runtime_Day1UITests.m; sourceTree = "<group>"; };
		47008B871CE1AB8000BD8F87 /* Info.plist */ = {isa = PBXFileReference; lastKnownFileType = text.plist.xml; path = Info.plist; sourceTree = "<group>"; };
		47008B931CE1ABE700BD8F87 /* Person.h */ = {isa = PBXFileReference; fileEncoding = 4; lastKnownFileType = sourcecode.c.h; path = Person.h; sourceTree = "<group>"; };
		47008B941CE1ABE700BD8F87 /* Person.m */ = {isa = PBXFileReference; fileEncoding = 4; lastKnownFileType = sourcecode.c.objc; path = Person.m; sourceTree = "<group>"; };
		47008B961CE1B18A00BD8F87 /* UIImage+Category.h */ = {isa = PBXFileReference; fileEncoding = 4; lastKnownFileType = sourcecode.c.h; path = "UIImage+Category.h"; sourceTree = "<group>"; };
		47008B971CE1B18A00BD8F87 /* UIImage+Category.m */ = {isa = PBXFileReference; fileEncoding = 4; lastKnownFileType = sourcecode.c.objc; path = "UIImage+Category.m"; sourceTree = "<group>"; };
		47008B991CE1B78D00BD8F87 /* NSObject+Category.h */ = {isa = PBXFileReference; fileEncoding = 4; lastKnownFileType = sourcecode.c.h; path = "NSObject+Category.h"; sourceTree = "<group>"; };
		47008B9A1CE1B78D00BD8F87 /* NSObject+Category.m */ = {isa = PBXFileReference; fileEncoding = 4; lastKnownFileType = sourcecode.c.objc; path = "NSObject+Category.m"; sourceTree = "<group>"; };
		47008B9C1CE1C16000BD8F87 /* NSObject+Extension.h */ = {isa = PBXFileReference; fileEncoding = 4; lastKnownFileType = sourcecode.c.h; path = "NSObject+Extension.h"; sourceTree = "<group>"; };
		47008B9D1CE1C16000BD8F87 /* NSObject+Extension.m */ = {isa = PBXFileReference; fileEncoding = 4; lastKnownFileType = sourcecode.c.objc; path = "NSObject+Extension.m"; sourceTree = "<group>"; };
		471E71ED1CE3040A008C4C1E /* NSObject+JSONExtension.h */ = {isa = PBXFileReference; fileEncoding = 4; lastKnownFileType = sourcecode.c.h; path = "NSObject+JSONExtension.h"; sourceTree = "<group>"; };
		471E71EE1CE3040A008C4C1E /* NSObject+JSONExtension.m */ = {isa = PBXFileReference; fileEncoding = 4; lastKnownFileType = sourcecode.c.objc; path = "NSObject+JSONExtension.m"; sourceTree = "<group>"; };
/* End PBXFileReference section */

/* Begin PBXFrameworksBuildPhase section */
		47008B5A1CE1AB8000BD8F87 /* Frameworks */ = {
			isa = PBXFrameworksBuildPhase;
			buildActionMask = 2147483647;
			files = (
			);
			runOnlyForDeploymentPostprocessing = 0;
		};
		47008B731CE1AB8000BD8F87 /* Frameworks */ = {
			isa = PBXFrameworksBuildPhase;
			buildActionMask = 2147483647;
			files = (
			);
			runOnlyForDeploymentPostprocessing = 0;
		};
		47008B7E1CE1AB8000BD8F87 /* Frameworks */ = {
			isa = PBXFrameworksBuildPhase;
			buildActionMask = 2147483647;
			files = (
			);
			runOnlyForDeploymentPostprocessing = 0;
		};
/* End PBXFrameworksBuildPhase section */

/* Begin PBXGroup section */
		47008B541CE1AB8000BD8F87 = {
			isa = PBXGroup;
			children = (
				47008B5F1CE1AB8000BD8F87 /* Runtime_Day1 */,
				47008B791CE1AB8000BD8F87 /* Runtime_Day1Tests */,
				47008B841CE1AB8000BD8F87 /* Runtime_Day1UITests */,
				47008B5E1CE1AB8000BD8F87 /* Products */,
			);
			sourceTree = "<group>";
		};
		47008B5E1CE1AB8000BD8F87 /* Products */ = {
			isa = PBXGroup;
			children = (
				47008B5D1CE1AB8000BD8F87 /* Runtime_Day1.app */,
				47008B761CE1AB8000BD8F87 /* Runtime_Day1Tests.xctest */,
				47008B811CE1AB8000BD8F87 /* Runtime_Day1UITests.xctest */,
			);
			name = Products;
			sourceTree = "<group>";
		};
		47008B5F1CE1AB8000BD8F87 /* Runtime_Day1 */ = {
			isa = PBXGroup;
			children = (
				47008B631CE1AB8000BD8F87 /* AppDelegate.h */,
				47008B641CE1AB8000BD8F87 /* AppDelegate.m */,
				47008B661CE1AB8000BD8F87 /* ViewController.h */,
				47008B671CE1AB8000BD8F87 /* ViewController.m */,
				47008B931CE1ABE700BD8F87 /* Person.h */,
				47008B941CE1ABE700BD8F87 /* Person.m */,
				47008B961CE1B18A00BD8F87 /* UIImage+Category.h */,
				47008B971CE1B18A00BD8F87 /* UIImage+Category.m */,
				47008B991CE1B78D00BD8F87 /* NSObject+Category.h */,
				47008B9A1CE1B78D00BD8F87 /* NSObject+Category.m */,
				47008B9C1CE1C16000BD8F87 /* NSObject+Extension.h */,
				47008B9D1CE1C16000BD8F87 /* NSObject+Extension.m */,
				471E71ED1CE3040A008C4C1E /* NSObject+JSONExtension.h */,
				471E71EE1CE3040A008C4C1E /* NSObject+JSONExtension.m */,
				47008B691CE1AB8000BD8F87 /* Main.storyboard */,
				47008B6C1CE1AB8000BD8F87 /* Assets.xcassets */,
				47008B6E1CE1AB8000BD8F87 /* LaunchScreen.storyboard */,
				47008B711CE1AB8000BD8F87 /* Info.plist */,
				47008B601CE1AB8000BD8F87 /* Supporting Files */,
			);
			path = Runtime_Day1;
			sourceTree = "<group>";
		};
		47008B601CE1AB8000BD8F87 /* Supporting Files */ = {
			isa = PBXGroup;
			children = (
				47008B611CE1AB8000BD8F87 /* main.m */,
			);
			name = "Supporting Files";
			sourceTree = "<group>";
		};
		47008B791CE1AB8000BD8F87 /* Runtime_Day1Tests */ = {
			isa = PBXGroup;
			children = (
				47008B7A1CE1AB8000BD8F87 /* Runtime_Day1Tests.m */,
				47008B7C1CE1AB8000BD8F87 /* Info.plist */,
			);
			path = Runtime_Day1Tests;
			sourceTree = "<group>";
		};
		47008B841CE1AB8000BD8F87 /* Runtime_Day1UITests */ = {
			isa = PBXGroup;
			children = (
				47008B851CE1AB8000BD8F87 /* Runtime_Day1UITests.m */,
				47008B871CE1AB8000BD8F87 /* Info.plist */,
			);
			path = Runtime_Day1UITests;
			sourceTree = "<group>";
		};
/* End PBXGroup section */

/* Begin PBXNativeTarget section */
		47008B5C1CE1AB8000BD8F87 /* Runtime_Day1 */ = {
			isa = PBXNativeTarget;
			buildConfigurationList = 47008B8A1CE1AB8000BD8F87 /* Build configuration list for PBXNativeTarget "Runtime_Day1" */;
			buildPhases = (
				47008B591CE1AB8000BD8F87 /* Sources */,
				47008B5A1CE1AB8000BD8F87 /* Frameworks */,
				47008B5B1CE1AB8000BD8F87 /* Resources */,
			);
			buildRules = (
			);
			dependencies = (
			);
			name = Runtime_Day1;
			productName = Runtime_Day1;
			productReference = 47008B5D1CE1AB8000BD8F87 /* Runtime_Day1.app */;
			productType = "com.apple.product-type.application";
		};
		47008B751CE1AB8000BD8F87 /* Runtime_Day1Tests */ = {
			isa = PBXNativeTarget;
			buildConfigurationList = 47008B8D1CE1AB8000BD8F87 /* Build configuration list for PBXNativeTarget "Runtime_Day1Tests" */;
			buildPhases = (
				47008B721CE1AB8000BD8F87 /* Sources */,
				47008B731CE1AB8000BD8F87 /* Frameworks */,
				47008B741CE1AB8000BD8F87 /* Resources */,
			);
			buildRules = (
			);
			dependencies = (
				47008B781CE1AB8000BD8F87 /* PBXTargetDependency */,
			);
			name = Runtime_Day1Tests;
			productName = Runtime_Day1Tests;
			productReference = 47008B761CE1AB8000BD8F87 /* Runtime_Day1Tests.xctest */;
			productType = "com.apple.product-type.bundle.unit-test";
		};
		47008B801CE1AB8000BD8F87 /* Runtime_Day1UITests */ = {
			isa = PBXNativeTarget;
			buildConfigurationList = 47008B901CE1AB8000BD8F87 /* Build configuration list for PBXNativeTarget "Runtime_Day1UITests" */;
			buildPhases = (
				47008B7D1CE1AB8000BD8F87 /* Sources */,
				47008B7E1CE1AB8000BD8F87 /* Frameworks */,
				47008B7F1CE1AB8000BD8F87 /* Resources */,
			);
			buildRules = (
			);
			dependencies = (
				47008B831CE1AB8000BD8F87 /* PBXTargetDependency */,
			);
			name = Runtime_Day1UITests;
			productName = Runtime_Day1UITests;
			productReference = 47008B811CE1AB8000BD8F87 /* Runtime_Day1UITests.xctest */;
			productType = "com.apple.product-type.bundle.ui-testing";
		};
/* End PBXNativeTarget section */

/* Begin PBXProject section */
		47008B551CE1AB8000BD8F87 /* Project object */ = {
			isa = PBXProject;
			attributes = {
				LastUpgradeCheck = 0730;
				ORGANIZATIONNAME = "Mainbo Education Technology Co., Ltd";
				TargetAttributes = {
					47008B5C1CE1AB8000BD8F87 = {
						CreatedOnToolsVersion = 7.3;
						DevelopmentTeam = 54S6G63T6M;
					};
					47008B751CE1AB8000BD8F87 = {
						CreatedOnToolsVersion = 7.3;
						DevelopmentTeam = 54S6G63T6M;
						TestTargetID = 47008B5C1CE1AB8000BD8F87;
					};
					47008B801CE1AB8000BD8F87 = {
						CreatedOnToolsVersion = 7.3;
						DevelopmentTeam = 54S6G63T6M;
						TestTargetID = 47008B5C1CE1AB8000BD8F87;
					};
				};
			};
			buildConfigurationList = 47008B581CE1AB8000BD8F87 /* Build configuration list for PBXProject "Runtime_Day1" */;
			compatibilityVersion = "Xcode 3.2";
			developmentRegion = English;
			hasScannedForEncodings = 0;
			knownRegions = (
				en,
				Base,
			);
			mainGroup = 47008B541CE1AB8000BD8F87;
			productRefGroup = 47008B5E1CE1AB8000BD8F87 /* Products */;
			projectDirPath = "";
			projectRoot = "";
			targets = (
				47008B5C1CE1AB8000BD8F87 /* Runtime_Day1 */,
				47008B751CE1AB8000BD8F87 /* Runtime_Day1Tests */,
				47008B801CE1AB8000BD8F87 /* Runtime_Day1UITests */,
			);
		};
/* End PBXProject section */

/* Begin PBXResourcesBuildPhase section */
		47008B5B1CE1AB8000BD8F87 /* Resources */ = {
			isa = PBXResourcesBuildPhase;
			buildActionMask = 2147483647;
			files = (
				47008B701CE1AB8000BD8F87 /* LaunchScreen.storyboard in Resources */,
				47008B6D1CE1AB8000BD8F87 /* Assets.xcassets in Resources */,
				47008B6B1CE1AB8000BD8F87 /* Main.storyboard in Resources */,
			);
			runOnlyForDeploymentPostprocessing = 0;
		};
		47008B741CE1AB8000BD8F87 /* Resources */ = {
			isa = PBXResourcesBuildPhase;
			buildActionMask = 2147483647;
			files = (
			);
			runOnlyForDeploymentPostprocessing = 0;
		};
		47008B7F1CE1AB8000BD8F87 /* Resources */ = {
			isa = PBXResourcesBuildPhase;
			buildActionMask = 2147483647;
			files = (
			);
			runOnlyForDeploymentPostprocessing = 0;
		};
/* End PBXResourcesBuildPhase section */

/* Begin PBXSourcesBuildPhase section */
		47008B591CE1AB8000BD8F87 /* Sources */ = {
			isa = PBXSourcesBuildPhase;
			buildActionMask = 2147483647;
			files = (
				47008B681CE1AB8000BD8F87 /* ViewController.m in Sources */,
				47008B651CE1AB8000BD8F87 /* AppDelegate.m in Sources */,
				47008B951CE1ABE700BD8F87 /* Person.m in Sources */,
				47008B621CE1AB8000BD8F87 /* main.m in Sources */,
				47008B981CE1B18A00BD8F87 /* UIImage+Category.m in Sources */,
				471E71EF1CE3040A008C4C1E /* NSObject+JSONExtension.m in Sources */,
				47008B9E1CE1C16000BD8F87 /* NSObject+Extension.m in Sources */,
				47008B9B1CE1B78D00BD8F87 /* NSObject+Category.m in Sources */,
			);
			runOnlyForDeploymentPostprocessing = 0;
		};
		47008B721CE1AB8000BD8F87 /* Sources */ = {
			isa = PBXSourcesBuildPhase;
			buildActionMask = 2147483647;
			files = (
				47008B7B1CE1AB8000BD8F87 /* Runtime_Day1Tests.m in Sources */,
			);
			runOnlyForDeploymentPostprocessing = 0;
		};
		47008B7D1CE1AB8000BD8F87 /* Sources */ = {
			isa = PBXSourcesBuildPhase;
			buildActionMask = 2147483647;
			files = (
				47008B861CE1AB8000BD8F87 /* Runtime_Day1UITests.m in Sources */,
			);
			runOnlyForDeploymentPostprocessing = 0;
		};
/* End PBXSourcesBuildPhase section */

/* Begin PBXTargetDependency section */
		47008B781CE1AB8000BD8F87 /* PBXTargetDependency */ = {
			isa = PBXTargetDependency;
			target = 47008B5C1CE1AB8000BD8F87 /* Runtime_Day1 */;
			targetProxy = 47008B771CE1AB8000BD8F87 /* PBXContainerItemProxy */;
		};
		47008B831CE1AB8000BD8F87 /* PBXTargetDependency */ = {
			isa = PBXTargetDependency;
			target = 47008B5C1CE1AB8000BD8F87 /* Runtime_Day1 */;
			targetProxy = 47008B821CE1AB8000BD8F87 /* PBXContainerItemProxy */;
		};
/* End PBXTargetDependency section */

/* Begin PBXVariantGroup section */
		47008B691CE1AB8000BD8F87 /* Main.storyboard */ = {
			isa = PBXVariantGroup;
			children = (
				47008B6A1CE1AB8000BD8F87 /* Base */,
			);
			name = Main.storyboard;
			sourceTree = "<group>";
		};
		47008B6E1CE1AB8000BD8F87 /* LaunchScreen.storyboard */ = {
			isa = PBXVariantGroup;
			children = (
				47008B6F1CE1AB8000BD8F87 /* Base */,
			);
			name = LaunchScreen.storyboard;
			sourceTree = "<group>";
		};
/* End PBXVariantGroup section */

/* Begin XCBuildConfiguration section */
		47008B881CE1AB8000BD8F87 /* Debug */ = {
			isa = XCBuildConfiguration;
			buildSettings = {
				ALWAYS_SEARCH_USER_PATHS = NO;
				CLANG_ANALYZER_NONNULL = YES;
				CLANG_CXX_LANGUAGE_STANDARD = "gnu++0x";
				CLANG_CXX_LIBRARY = "libc++";
				CLANG_ENABLE_MODULES = YES;
				CLANG_ENABLE_OBJC_ARC = YES;
				CLANG_WARN_BOOL_CONVERSION = YES;
				CLANG_WARN_CONSTANT_CONVERSION = YES;
				CLANG_WARN_DIRECT_OBJC_ISA_USAGE = YES_ERROR;
				CLANG_WARN_EMPTY_BODY = YES;
				CLANG_WARN_ENUM_CONVERSION = YES;
				CLANG_WARN_INT_CONVERSION = YES;
				CLANG_WARN_OBJC_ROOT_CLASS = YES_ERROR;
				CLANG_WARN_UNREACHABLE_CODE = YES;
				CLANG_WARN__DUPLICATE_METHOD_MATCH = YES;
				"CODE_SIGN_IDENTITY[sdk=iphoneos*]" = "iPhone Developer";
				COPY_PHASE_STRIP = NO;
				DEBUG_INFORMATION_FORMAT = dwarf;
				ENABLE_STRICT_OBJC_MSGSEND = YES;
				ENABLE_TESTABILITY = YES;
				GCC_C_LANGUAGE_STANDARD = gnu99;
				GCC_DYNAMIC_NO_PIC = NO;
				GCC_NO_COMMON_BLOCKS = YES;
				GCC_OPTIMIZATION_LEVEL = 0;
				GCC_PREPROCESSOR_DEFINITIONS = (
					"DEBUG=1",
					"$(inherited)",
				);
				GCC_WARN_64_TO_32_BIT_CONVERSION = YES;
				GCC_WARN_ABOUT_RETURN_TYPE = YES_ERROR;
				GCC_WARN_UNDECLARED_SELECTOR = YES;
				GCC_WARN_UNINITIALIZED_AUTOS = YES_AGGRESSIVE;
				GCC_WARN_UNUSED_FUNCTION = YES;
				GCC_WARN_UNUSED_VARIABLE = YES;
				IPHONEOS_DEPLOYMENT_TARGET = 9.3;
				MTL_ENABLE_DEBUG_INFO = YES;
				ONLY_ACTIVE_ARCH = YES;
				SDKROOT = iphoneos;
			};
			name = Debug;
		};
		47008B891CE1AB8000BD8F87 /* Release */ = {
			isa = XCBuildConfiguration;
			buildSettings = {
				ALWAYS_SEARCH_USER_PATHS = NO;
				CLANG_ANALYZER_NONNULL = YES;
				CLANG_CXX_LANGUAGE_STANDARD = "gnu++0x";
				CLANG_CXX_LIBRARY = "libc++";
				CLANG_ENABLE_MODULES = YES;
				CLANG_ENABLE_OBJC_ARC = YES;
				CLANG_WARN_BOOL_CONVERSION = YES;
				CLANG_WARN_CONSTANT_CONVERSION = YES;
				CLANG_WARN_DIRECT_OBJC_ISA_USAGE = YES_ERROR;
				CLANG_WARN_EMPTY_BODY = YES;
				CLANG_WARN_ENUM_CONVERSION = YES;
				CLANG_WARN_INT_CONVERSION = YES;
				CLANG_WARN_OBJC_ROOT_CLASS = YES_ERROR;
				CLANG_WARN_UNREACHABLE_CODE = YES;
				CLANG_WARN__DUPLICATE_METHOD_MATCH = YES;
				"CODE_SIGN_IDENTITY[sdk=iphoneos*]" = "iPhone Developer";
				COPY_PHASE_STRIP = NO;
				DEBUG_INFORMATION_FORMAT = "dwarf-with-dsym";
				ENABLE_NS_ASSERTIONS = NO;
				ENABLE_STRICT_OBJC_MSGSEND = YES;
				GCC_C_LANGUAGE_STANDARD = gnu99;
				GCC_NO_COMMON_BLOCKS = YES;
				GCC_WARN_64_TO_32_BIT_CONVERSION = YES;
				GCC_WARN_ABOUT_RETURN_TYPE = YES_ERROR;
				GCC_WARN_UNDECLARED_SELECTOR = YES;
				GCC_WARN_UNINITIALIZED_AUTOS = YES_AGGRESSIVE;
				GCC_WARN_UNUSED_FUNCTION = YES;
				GCC_WARN_UNUSED_VARIABLE = YES;
				IPHONEOS_DEPLOYMENT_TARGET = 9.3;
				MTL_ENABLE_DEBUG_INFO = NO;
				SDKROOT = iphoneos;
				VALIDATE_PRODUCT = YES;
			};
			name = Release;
		};
		47008B8B1CE1AB8000BD8F87 /* Debug */ = {
			isa = XCBuildConfiguration;
			buildSettings = {
				ASSETCATALOG_COMPILER_APPICON_NAME = AppIcon;
				INFOPLIST_FILE = Runtime_Day1/Info.plist;
				LD_RUNPATH_SEARCH_PATHS = "$(inherited) @executable_path/Frameworks";
				PRODUCT_BUNDLE_IDENTIFIER = "mainbo.com.Runtime-Day1";
				PRODUCT_NAME = "$(TARGET_NAME)";
			};
			name = Debug;
		};
		47008B8C1CE1AB8000BD8F87 /* Release */ = {
			isa = XCBuildConfiguration;
			buildSettings = {
				ASSETCATALOG_COMPILER_APPICON_NAME = AppIcon;
				INFOPLIST_FILE = Runtime_Day1/Info.plist;
				LD_RUNPATH_SEARCH_PATHS = "$(inherited) @executable_path/Frameworks";
				PRODUCT_BUNDLE_IDENTIFIER = "mainbo.com.Runtime-Day1";
				PRODUCT_NAME = "$(TARGET_NAME)";
			};
			name = Release;
		};
		47008B8E1CE1AB8000BD8F87 /* Debug */ = {
			isa = XCBuildConfiguration;
			buildSettings = {
				BUNDLE_LOADER = "$(TEST_HOST)";
				INFOPLIST_FILE = Runtime_Day1Tests/Info.plist;
				LD_RUNPATH_SEARCH_PATHS = "$(inherited) @executable_path/Frameworks @loader_path/Frameworks";
				PRODUCT_BUNDLE_IDENTIFIER = "mainbo.com.Runtime-Day1Tests";
				PRODUCT_NAME = "$(TARGET_NAME)";
				TEST_HOST = "$(BUILT_PRODUCTS_DIR)/Runtime_Day1.app/Runtime_Day1";
			};
			name = Debug;
		};
		47008B8F1CE1AB8000BD8F87 /* Release */ = {
			isa = XCBuildConfiguration;
			buildSettings = {
				BUNDLE_LOADER = "$(TEST_HOST)";
				INFOPLIST_FILE = Runtime_Day1Tests/Info.plist;
				LD_RUNPATH_SEARCH_PATHS = "$(inherited) @executable_path/Frameworks @loader_path/Frameworks";
				PRODUCT_BUNDLE_IDENTIFIER = "mainbo.com.Runtime-Day1Tests";
				PRODUCT_NAME = "$(TARGET_NAME)";
				TEST_HOST = "$(BUILT_PRODUCTS_DIR)/Runtime_Day1.app/Runtime_Day1";
			};
			name = Release;
		};
		47008B911CE1AB8000BD8F87 /* Debug */ = {
			isa = XCBuildConfiguration;
			buildSettings = {
				INFOPLIST_FILE = Runtime_Day1UITests/Info.plist;
				LD_RUNPATH_SEARCH_PATHS = "$(inherited) @executable_path/Frameworks @loader_path/Frameworks";
				PRODUCT_BUNDLE_IDENTIFIER = "mainbo.com.Runtime-Day1UITests";
				PRODUCT_NAME = "$(TARGET_NAME)";
				TEST_TARGET_NAME = Runtime_Day1;
			};
			name = Debug;
		};
		47008B921CE1AB8000BD8F87 /* Release */ = {
			isa = XCBuildConfiguration;
			buildSettings = {
				INFOPLIST_FILE = Runtime_Day1UITests/Info.plist;
				LD_RUNPATH_SEARCH_PATHS = "$(inherited) @executable_path/Frameworks @loader_path/Frameworks";
				PRODUCT_BUNDLE_IDENTIFIER = "mainbo.com.Runtime-Day1UITests";
				PRODUCT_NAME = "$(TARGET_NAME)";
				TEST_TARGET_NAME = Runtime_Day1;
			};
			name = Release;
		};
/* End XCBuildConfiguration section */

/* Begin XCConfigurationList section */
		47008B581CE1AB8000BD8F87 /* Build configuration list for PBXProject "Runtime_Day1" */ = {
			isa = XCConfigurationList;
			buildConfigurations = (
				47008B881CE1AB8000BD8F87 /* Debug */,
				47008B891CE1AB8000BD8F87 /* Release */,
			);
			defaultConfigurationIsVisible = 0;
			defaultConfigurationName = Release;
		};
		47008B8A1CE1AB8000BD8F87 /* Build configuration list for PBXNativeTarget "Runtime_Day1" */ = {
			isa = XCConfigurationList;
			buildConfigurations = (
				47008B8B1CE1AB8000BD8F87 /* Debug */,
				47008B8C1CE1AB8000BD8F87 /* Release */,
			);
			defaultConfigurationIsVisible = 0;
			defaultConfigurationName = Release;
		};
		47008B8D1CE1AB8000BD8F87 /* Build configuration list for PBXNativeTarget "Runtime_Day1Tests" */ = {
			isa = XCConfigurationList;
			buildConfigurations = (
				47008B8E1CE1AB8000BD8F87 /* Debug */,
				47008B8F1CE1AB8000BD8F87 /* Release */,
			);
			defaultConfigurationIsVisible = 0;
			defaultConfigurationName = Release;
		};
		47008B901CE1AB8000BD8F87 /* Build configuration list for PBXNativeTarget "Runtime_Day1UITests" */ = {
			isa = XCConfigurationList;
			buildConfigurations = (
				47008B911CE1AB8000BD8F87 /* Debug */,
				47008B921CE1AB8000BD8F87 /* Release */,
			);
			defaultConfigurationIsVisible = 0;
			defaultConfigurationName = Release;
		};
/* End XCConfigurationList section */
	};
	rootObject = 47008B551CE1AB8000BD8F87 /* Project object */;
}
